{
  "name": "rubis-fake",
  "version": "0.0.1",
  "lockfileVersion": 1,
  "requires": true,
  "dependencies": {
    "detect-libc": {
      "version": "1.0.3",
      "resolved": "https://registry.npmjs.org/detect-libc/-/detect-libc-1.0.3.tgz",
      "integrity": "sha1-+hN8S9aY7fVc1c0CrFWfkaTEups="
    },
    "fibers": {
      "version": "4.0.1",
      "resolved": "https://registry.npmjs.org/fibers/-/fibers-4.0.1.tgz",
      "integrity": "sha512-H79EJn7DMWXk48ygmC82bMP8KNcFBZF1CPfwBpYF6cO85hGWoIrlu7eyX9ayxfjP9Nsl0JXxdI6fpYU4DWVw2w==",
      "requires": {
        "detect-libc": "^1.0.3"
      }
    }
  }
}
